
Microsoft Visual Studio Solution File, Format Version 12.00
Project("{FAE04EC0-301F-11D3-BF4B-00C04F79EFBC}") = "CalculationLibrary.Core", "CalculationLibrary.Core\CalculationLibrary.Core.csproj", "{6460F3CE-7B85-44C1-9A74-1258E9AD5B64}"
EndProject
Project("{FAE04EC0-301F-11D3-BF4B-00C04F79EFBC}") = "CalculationLibrary.Console", "CalculationLibrary.Console\CalculationLibrary.Console.csproj", "{AA3E16ED-7CEB-4CA7-AD9D-11539384A1E2}"
EndProject
Project("{2150E333-8FDC-42A3-9474-1A3956D46DE8}") = "Solution items", "Solution items", "{2273A3ED-8B3D-4A3C-ADFD-462CAA00A99E}"
	ProjectSection(SolutionItems) = preProject
		.github\workflows\ci.yaml = .github\workflows\ci.yaml
	EndProjectSection
EndProject
Global
	GlobalSection(SolutionConfigurationPlatforms) = preSolution
		Debug|Any CPU = Debug|Any CPU
		Release|Any CPU = Release|Any CPU
	EndGlobalSection
	GlobalSection(ProjectConfigurationPlatforms) = postSolution
		{6460F3CE-7B85-44C1-9A74-1258E9AD5B64}.Debug|Any CPU.ActiveCfg = Debug|Any CPU
		{6460F3CE-7B85-44C1-9A74-1258E9AD5B64}.Debug|Any CPU.Build.0 = Debug|Any CPU
		{6460F3CE-7B85-44C1-9A74-1258E9AD5B64}.Release|Any CPU.ActiveCfg = Release|Any CPU
		{6460F3CE-7B85-44C1-9A74-1258E9AD5B64}.Release|Any CPU.Build.0 = Release|Any CPU
		{AA3E16ED-7CEB-4CA7-AD9D-11539384A1E2}.Debug|Any CPU.ActiveCfg = Debug|Any CPU
		{AA3E16ED-7CEB-4CA7-AD9D-11539384A1E2}.Debug|Any CPU.Build.0 = Debug|Any CPU
		{AA3E16ED-7CEB-4CA7-AD9D-11539384A1E2}.Release|Any CPU.ActiveCfg = Release|Any CPU
		{AA3E16ED-7CEB-4CA7-AD9D-11539384A1E2}.Release|Any CPU.Build.0 = Release|Any CPU
	EndGlobalSection
EndGlobal
